
Microsoft Visual Studio Solution File, Format Version 12.00
# Visual Studio Version 16
VisualStudioVersion = 16.0.30011.22
MinimumVisualStudioVersion = 10.0.40219.1
Project("{FAE04EC0-301F-11D3-BF4B-00C04F79EFBC}") = "Projet_IA", "Projet_IA\Projet_IA.csproj", "{CF5154C5-1706-451A-81FC-8AFFAFAF7F28}"
EndProject
Global
	GlobalSection(SolutionConfigurationPlatforms) = preSolution
		Debug|Any CPU = Debug|Any CPU
		Release|Any CPU = Release|Any CPU
	EndGlobalSection
	GlobalSection(ProjectConfigurationPlatforms) = postSolution
		{CF5154C5-1706-451A-81FC-8AFFAFAF7F28}.Debug|Any CPU.ActiveCfg = Debug|Any CPU
		{CF5154C5-1706-451A-81FC-8AFFAFAF7F28}.Debug|Any CPU.Build.0 = Debug|Any CPU
		{CF5154C5-1706-451A-81FC-8AFFAFAF7F28}.Release|Any CPU.ActiveCfg = Release|Any CPU
		{CF5154C5-1706-451A-81FC-8AFFAFAF7F28}.Release|Any CPU.Build.0 = Release|Any CPU
	EndGlobalSection
	GlobalSection(SolutionProperties) = preSolution
		HideSolutionNode = FALSE
	EndGlobalSection
	GlobalSection(ExtensibilityGlobals) = postSolution
		SolutionGuid = {2AB4C96B-0E99-419B-B30D-6DCF80809511}
	EndGlobalSection
EndGlobal
